
Microsoft Visual Studio Solution File, Format Version 12.00
# Visual Studio Version 16
VisualStudioVersion = 16.0.30406.217
MinimumVisualStudioVersion = 10.0.40219.1
Project("{2150E333-8FDC-42A3-9474-1A3956D46DE8}") = "source", "source", "{F82AD1D8-1417-4DEE-8419-13CCCDCE6D75}"
EndProject
Project("{2150E333-8FDC-42A3-9474-1A3956D46DE8}") = "Catalog", "Catalog", "{DE08D711-E057-431C-BEE8-541774A9E699}"
EndProject
Project("{9A19103F-16F7-4668-BE54-9A1E7A4F7556}") = "Catalog.API", "source\Catalog\Catalog.API\Catalog.API.csproj", "{A897588C-6CC6-4F8D-B875-483C22990D42}"
EndProject
Project("{E53339B2-1760-4266-BCC7-CA923CBCF16C}") = "docker-compose", "docker-compose.dcproj", "{80FCFA30-FB02-4679-8F13-804401F7F422}"
EndProject
Global
	GlobalSection(SolutionConfigurationPlatforms) = preSolution
		Debug|Any CPU = Debug|Any CPU
		Release|Any CPU = Release|Any CPU
	EndGlobalSection
	GlobalSection(ProjectConfigurationPlatforms) = postSolution
		{A897588C-6CC6-4F8D-B875-483C22990D42}.Debug|Any CPU.ActiveCfg = Debug|Any CPU
		{A897588C-6CC6-4F8D-B875-483C22990D42}.Debug|Any CPU.Build.0 = Debug|Any CPU
		{A897588C-6CC6-4F8D-B875-483C22990D42}.Release|Any CPU.ActiveCfg = Release|Any CPU
		{A897588C-6CC6-4F8D-B875-483C22990D42}.Release|Any CPU.Build.0 = Release|Any CPU
		{80FCFA30-FB02-4679-8F13-804401F7F422}.Debug|Any CPU.ActiveCfg = Debug|Any CPU
		{80FCFA30-FB02-4679-8F13-804401F7F422}.Debug|Any CPU.Build.0 = Debug|Any CPU
		{80FCFA30-FB02-4679-8F13-804401F7F422}.Release|Any CPU.ActiveCfg = Release|Any CPU
		{80FCFA30-FB02-4679-8F13-804401F7F422}.Release|Any CPU.Build.0 = Release|Any CPU
	EndGlobalSection
	GlobalSection(SolutionProperties) = preSolution
		HideSolutionNode = FALSE
	EndGlobalSection
	GlobalSection(NestedProjects) = preSolution
		{DE08D711-E057-431C-BEE8-541774A9E699} = {F82AD1D8-1417-4DEE-8419-13CCCDCE6D75}
		{A897588C-6CC6-4F8D-B875-483C22990D42} = {DE08D711-E057-431C-BEE8-541774A9E699}
	EndGlobalSection
	GlobalSection(ExtensibilityGlobals) = postSolution
		SolutionGuid = {6E6E596B-3993-415A-8B0E-923F2451944F}
	EndGlobalSection
EndGlobal
